
Microsoft Visual Studio Solution File, Format Version 12.00
# Visual Studio Version 17
VisualStudioVersion = 17.3.32929.385
MinimumVisualStudioVersion = 10.0.40219.1
Project("{FAE04EC0-301F-11D3-BF4B-00C04F79EFBC}") = "ConsoleApp2", "ConsoleApp2\ConsoleApp2.csproj", "{AD221C6F-06AF-4396-A441-C7DCD9DFC9F9}"
EndProject
Global
	GlobalSection(SolutionConfigurationPlatforms) = preSolution
		Debug|Any CPU = Debug|Any CPU
		Release|Any CPU = Release|Any CPU
	EndGlobalSection
	GlobalSection(ProjectConfigurationPlatforms) = postSolution
		{AD221C6F-06AF-4396-A441-C7DCD9DFC9F9}.Debug|Any CPU.ActiveCfg = Debug|Any CPU
		{AD221C6F-06AF-4396-A441-C7DCD9DFC9F9}.Debug|Any CPU.Build.0 = Debug|Any CPU
		{AD221C6F-06AF-4396-A441-C7DCD9DFC9F9}.Release|Any CPU.ActiveCfg = Release|Any CPU
		{AD221C6F-06AF-4396-A441-C7DCD9DFC9F9}.Release|Any CPU.Build.0 = Release|Any CPU
	EndGlobalSection
	GlobalSection(SolutionProperties) = preSolution
		HideSolutionNode = FALSE
	EndGlobalSection
	GlobalSection(ExtensibilityGlobals) = postSolution
		SolutionGuid = {27F4091F-060F-4DB2-A47A-0DD8D619E86C}
	EndGlobalSection
EndGlobal
