
Microsoft Visual Studio Solution File, Format Version 12.00
# Visual Studio Version 17
VisualStudioVersion = 17.3.32929.385
MinimumVisualStudioVersion = 10.0.40219.1
Project("{FAE04EC0-301F-11D3-BF4B-00C04F79EFBC}") = "inheritance", "inheritance\inheritance.csproj", "{42F9B840-B76A-4238-A060-0A38035A9334}"
EndProject
Global
	GlobalSection(SolutionConfigurationPlatforms) = preSolution
		Debug|Any CPU = Debug|Any CPU
		Release|Any CPU = Release|Any CPU
	EndGlobalSection
	GlobalSection(ProjectConfigurationPlatforms) = postSolution
		{42F9B840-B76A-4238-A060-0A38035A9334}.Debug|Any CPU.ActiveCfg = Debug|Any CPU
		{42F9B840-B76A-4238-A060-0A38035A9334}.Debug|Any CPU.Build.0 = Debug|Any CPU
		{42F9B840-B76A-4238-A060-0A38035A9334}.Release|Any CPU.ActiveCfg = Release|Any CPU
		{42F9B840-B76A-4238-A060-0A38035A9334}.Release|Any CPU.Build.0 = Release|Any CPU
	EndGlobalSection
	GlobalSection(SolutionProperties) = preSolution
		HideSolutionNode = FALSE
	EndGlobalSection
	GlobalSection(ExtensibilityGlobals) = postSolution
		SolutionGuid = {30A2A9B8-D0BF-4B31-ABF0-C5D814B4FB80}
	EndGlobalSection
EndGlobal
